
Microsoft Visual Studio Solution File, Format Version 12.00
# Visual Studio Version 17
VisualStudioVersion = 17.7.34024.191
MinimumVisualStudioVersion = 10.0.40219.1
Project("{FAE04EC0-301F-11D3-BF4B-00C04F79EFBC}") = "Core", "Core.csproj", "{ECADDB4C-EBD3-473E-9F07-6A843B6F843C}"
EndProject
Global
	GlobalSection(SolutionConfigurationPlatforms) = preSolution
		Debug|Any CPU = Debug|Any CPU
		Release|Any CPU = Release|Any CPU
	EndGlobalSection
	GlobalSection(ProjectConfigurationPlatforms) = postSolution
		{ECADDB4C-EBD3-473E-9F07-6A843B6F843C}.Debug|Any CPU.ActiveCfg = Debug|Any CPU
		{ECADDB4C-EBD3-473E-9F07-6A843B6F843C}.Debug|Any CPU.Build.0 = Debug|Any CPU
		{ECADDB4C-EBD3-473E-9F07-6A843B6F843C}.Release|Any CPU.ActiveCfg = Release|Any CPU
		{ECADDB4C-EBD3-473E-9F07-6A843B6F843C}.Release|Any CPU.Build.0 = Release|Any CPU
	EndGlobalSection
	GlobalSection(SolutionProperties) = preSolution
		HideSolutionNode = FALSE
	EndGlobalSection
	GlobalSection(ExtensibilityGlobals) = postSolution
		SolutionGuid = {770B6701-E782-4D7D-AEE1-680DDAB320A8}
	EndGlobalSection
EndGlobal
